
Microsoft Visual Studio Solution File, Format Version 12.00
Project("{FAE04EC0-301F-11D3-BF4B-00C04F79EFBC}") = "ALPRCallouts", "ALPRCallouts.csproj", "{A16AAED3-060A-4C9A-8913-9E9A866CEE33}"
EndProject
Global
	GlobalSection(SolutionConfigurationPlatforms) = preSolution
		Debug|Any CPU = Debug|Any CPU
		Release|Any CPU = Release|Any CPU
	EndGlobalSection
	GlobalSection(ProjectConfigurationPlatforms) = postSolution
		{A16AAED3-060A-4C9A-8913-9E9A866CEE33}.Debug|Any CPU.ActiveCfg = Debug|Any CPU
		{A16AAED3-060A-4C9A-8913-9E9A866CEE33}.Debug|Any CPU.Build.0 = Debug|Any CPU
		{A16AAED3-060A-4C9A-8913-9E9A866CEE33}.Release|Any CPU.ActiveCfg = Release|Any CPU
		{A16AAED3-060A-4C9A-8913-9E9A866CEE33}.Release|Any CPU.Build.0 = Release|Any CPU
	EndGlobalSection
EndGlobal
